
Microsoft Visual Studio Solution File, Format Version 12.00
# Visual Studio Version 17
VisualStudioVersion = 17.7.34031.279
MinimumVisualStudioVersion = 10.0.40219.1
Project("{FAE04EC0-301F-11D3-BF4B-00C04F79EFBC}") = "7.3 zadanie 2", "7.3 zadanie 2\7.3 zadanie 2.csproj", "{48A96F1C-AB21-4E72-87C9-DB18273E7179}"
EndProject
Global
	GlobalSection(SolutionConfigurationPlatforms) = preSolution
		Debug|Any CPU = Debug|Any CPU
		Release|Any CPU = Release|Any CPU
	EndGlobalSection
	GlobalSection(ProjectConfigurationPlatforms) = postSolution
		{48A96F1C-AB21-4E72-87C9-DB18273E7179}.Debug|Any CPU.ActiveCfg = Debug|Any CPU
		{48A96F1C-AB21-4E72-87C9-DB18273E7179}.Debug|Any CPU.Build.0 = Debug|Any CPU
		{48A96F1C-AB21-4E72-87C9-DB18273E7179}.Release|Any CPU.ActiveCfg = Release|Any CPU
		{48A96F1C-AB21-4E72-87C9-DB18273E7179}.Release|Any CPU.Build.0 = Release|Any CPU
	EndGlobalSection
	GlobalSection(SolutionProperties) = preSolution
		HideSolutionNode = FALSE
	EndGlobalSection
	GlobalSection(ExtensibilityGlobals) = postSolution
		SolutionGuid = {665A8E28-4E0E-400A-BF43-435B44429212}
	EndGlobalSection
EndGlobal
